
Microsoft Visual Studio Solution File, Format Version 12.00
# Visual Studio Version 17
VisualStudioVersion = 17.7.34221.43
MinimumVisualStudioVersion = 10.0.40219.1
Project("{FAE04EC0-301F-11D3-BF4B-00C04F79EFBC}") = "reflection", "reflection\reflection.csproj", "{2BDEA9A5-53BE-4578-80EF-7A80BCC031BB}"
EndProject
Global
	GlobalSection(SolutionConfigurationPlatforms) = preSolution
		Debug|Any CPU = Debug|Any CPU
		Release|Any CPU = Release|Any CPU
	EndGlobalSection
	GlobalSection(ProjectConfigurationPlatforms) = postSolution
		{2BDEA9A5-53BE-4578-80EF-7A80BCC031BB}.Debug|Any CPU.ActiveCfg = Debug|Any CPU
		{2BDEA9A5-53BE-4578-80EF-7A80BCC031BB}.Debug|Any CPU.Build.0 = Debug|Any CPU
		{2BDEA9A5-53BE-4578-80EF-7A80BCC031BB}.Release|Any CPU.ActiveCfg = Release|Any CPU
		{2BDEA9A5-53BE-4578-80EF-7A80BCC031BB}.Release|Any CPU.Build.0 = Release|Any CPU
	EndGlobalSection
	GlobalSection(SolutionProperties) = preSolution
		HideSolutionNode = FALSE
	EndGlobalSection
	GlobalSection(ExtensibilityGlobals) = postSolution
		SolutionGuid = {9A8238D3-560C-42A6-80C9-35089C4886FF}
	EndGlobalSection
EndGlobal
